// !$*UTF8*$!
{
	archiveVersion = 1;
	classes = {
	};
	objectVersion = 51;
	objects = {

/* Begin PBXBuildFile section */
		6BCE5E862356ACAE0077636F /* AppDelegate.swift in Sources */ = {isa = PBXBuildFile; fileRef = 6BCE5E852356ACAE0077636F /* AppDelegate.swift */; };
		6BCE5E882356ACAE0077636F /* SceneDelegate.swift in Sources */ = {isa = PBXBuildFile; fileRef = 6BCE5E872356ACAE0077636F /* SceneDelegate.swift */; };
		6BCE5E8A2356ACAE0077636F /* ViewController.swift in Sources */ = {isa = PBXBuildFile; fileRef = 6BCE5E892356ACAE0077636F /* ViewController.swift */; };
		6BCE5E8D2356ACAE0077636F /* Main.storyboard in Resources */ = {isa = PBXBuildFile; fileRef = 6BCE5E8B2356ACAE0077636F /* Main.storyboard */; };
		6BCE5E8F2356ACB10077636F /* Assets.xcassets in Resources */ = {isa = PBXBuildFile; fileRef = 6BCE5E8E2356ACB10077636F /* Assets.xcassets */; };
		6BCE5E922356ACB10077636F /* LaunchScreen.storyboard in Resources */ = {isa = PBXBuildFile; fileRef = 6BCE5E902356ACB10077636F /* LaunchScreen.storyboard */; };
		6BCE5E9B235796FB0077636F /* APIManager.swift in Sources */ = {isa = PBXBuildFile; fileRef = 6BCE5E9A235796FB0077636F /* APIManager.swift */; };
		7F230255845B217DBEC5C429 /* Pods_BLTakeHome.framework in Frameworks */ = {isa = PBXBuildFile; fileRef = 0ED805B91DB25B1037F82C6B /* Pods_BLTakeHome.framework */; };
/* End PBXBuildFile section */

/* Begin PBXFileReference section */
		0ED805B91DB25B1037F82C6B /* Pods_BLTakeHome.framework */ = {isa = PBXFileReference; explicitFileType = wrapper.framework; includeInIndex = 0; path = Pods_BLTakeHome.framework; sourceTree = BUILT_PRODUCTS_DIR; };
		24ECD4219D624D24987B39BD /* Pods-BLTakeHome.debug.xcconfig */ = {isa = PBXFileReference; includeInIndex = 1; lastKnownFileType = text.xcconfig; name = "Pods-BLTakeHome.debug.xcconfig"; path = "Target Support Files/Pods-BLTakeHome/Pods-BLTakeHome.debug.xcconfig"; sourceTree = "<group>"; };
		6BCE5E822356ACAE0077636F /* BLTakeHome.app */ = {isa = PBXFileReference; explicitFileType = wrapper.application; includeInIndex = 0; path = BLTakeHome.app; sourceTree = BUILT_PRODUCTS_DIR; };
		6BCE5E852356ACAE0077636F /* AppDelegate.swift */ = {isa = PBXFileReference; lastKnownFileType = sourcecode.swift; path = AppDelegate.swift; sourceTree = "<group>"; };
		6BCE5E872356ACAE0077636F /* SceneDelegate.swift */ = {isa = PBXFileReference; lastKnownFileType = sourcecode.swift; path = SceneDelegate.swift; sourceTree = "<group>"; };
		6BCE5E892356ACAE0077636F /* ViewController.swift */ = {isa = PBXFileReference; lastKnownFileType = sourcecode.swift; path = ViewController.swift; sourceTree = "<group>"; };
		6BCE5E8C2356ACAE0077636F /* Base */ = {isa = PBXFileReference; lastKnownFileType = file.storyboard; name = Base; path = Base.lproj/Main.storyboard; sourceTree = "<group>"; };
		6BCE5E8E2356ACB10077636F /* Assets.xcassets */ = {isa = PBXFileReference; lastKnownFileType = folder.assetcatalog; path = Assets.xcassets; sourceTree = "<group>"; };
		6BCE5E912356ACB10077636F /* Base */ = {isa = PBXFileReference; lastKnownFileType = file.storyboard; name = Base; path = Base.lproj/LaunchScreen.storyboard; sourceTree = "<group>"; };
		6BCE5E932356ACB10077636F /* Info.plist */ = {isa = PBXFileReference; lastKnownFileType = text.plist.xml; path = Info.plist; sourceTree = "<group>"; };
		6BCE5E992356AE060077636F /* BLTakeHome.entitlements */ = {isa = PBXFileReference; lastKnownFileType = text.plist.entitlements; path = BLTakeHome.entitlements; sourceTree = "<group>"; };
		6BCE5E9A235796FB0077636F /* APIManager.swift */ = {isa = PBXFileReference; lastKnownFileType = sourcecode.swift; path = APIManager.swift; sourceTree = "<group>"; };
		E4067B265F97F7395C9AE749 /* Pods-BLTakeHome.release.xcconfig */ = {isa = PBXFileReference; includeInIndex = 1; lastKnownFileType = text.xcconfig; name = "Pods-BLTakeHome.release.xcconfig"; path = "Target Support Files/Pods-BLTakeHome/Pods-BLTakeHome.release.xcconfig"; sourceTree = "<group>"; };
/* End PBXFileReference section */

/* Begin PBXFrameworksBuildPhase section */
		6BCE5E7F2356ACAE0077636F /* Frameworks */ = {
			isa = PBXFrameworksBuildPhase;
			buildActionMask = 2147483647;
			files = (
				7F230255845B217DBEC5C429 /* Pods_BLTakeHome.framework in Frameworks */,
			);
			runOnlyForDeploymentPostprocessing = 0;
		};
/* End PBXFrameworksBuildPhase section */

/* Begin PBXGroup section */
		6BCE5E792356ACAE0077636F = {
			isa = PBXGroup;
			children = (
				6BCE5E842356ACAE0077636F /* BLTakeHome */,
				6BCE5E832356ACAE0077636F /* Products */,
				7F1512A0240DA7F886E04E4B /* Pods */,
				FFC8FF1C1C7237B9FDFE092B /* Frameworks */,
			);
			sourceTree = "<group>";
		};
		6BCE5E832356ACAE0077636F /* Products */ = {
			isa = PBXGroup;
			children = (
				6BCE5E822356ACAE0077636F /* BLTakeHome.app */,
			);
			name = Products;
			sourceTree = "<group>";
		};
		6BCE5E842356ACAE0077636F /* BLTakeHome */ = {
			isa = PBXGroup;
			children = (
				6BCE5E992356AE060077636F /* BLTakeHome.entitlements */,
				6BCE5E852356ACAE0077636F /* AppDelegate.swift */,
				6BCE5E9A235796FB0077636F /* APIManager.swift */,
				6BCE5E872356ACAE0077636F /* SceneDelegate.swift */,
				6BCE5E892356ACAE0077636F /* ViewController.swift */,
				6BCE5E8B2356ACAE0077636F /* Main.storyboard */,
				6BCE5E8E2356ACB10077636F /* Assets.xcassets */,
				6BCE5E902356ACB10077636F /* LaunchScreen.storyboard */,
				6BCE5E932356ACB10077636F /* Info.plist */,
			);
			path = BLTakeHome;
			sourceTree = "<group>";
		};
		7F1512A0240DA7F886E04E4B /* Pods */ = {
			isa = PBXGroup;
			children = (
				24ECD4219D624D24987B39BD /* Pods-BLTakeHome.debug.xcconfig */,
				E4067B265F97F7395C9AE749 /* Pods-BLTakeHome.release.xcconfig */,
			);
			path = Pods;
			sourceTree = "<group>";
		};
		FFC8FF1C1C7237B9FDFE092B /* Frameworks */ = {
			isa = PBXGroup;
			children = (
				0ED805B91DB25B1037F82C6B /* Pods_BLTakeHome.framework */,
			);
			name = Frameworks;
			sourceTree = "<group>";
		};
/* End PBXGroup section */

/* Begin PBXNativeTarget section */
		6BCE5E812356ACAE0077636F /* BLTakeHome */ = {
			isa = PBXNativeTarget;
			buildConfigurationList = 6BCE5E962356ACB10077636F /* Build configuration list for PBXNativeTarget "BLTakeHome" */;
			buildPhases = (
				0EA21643FFCD673003A9D128 /* [CP] Check Pods Manifest.lock */,
				6BCE5E7E2356ACAE0077636F /* Sources */,
				6BCE5E7F2356ACAE0077636F /* Frameworks */,
				6BCE5E802356ACAE0077636F /* Resources */,
				1459D4683E85032053096748 /* [CP] Embed Pods Frameworks */,
			);
			buildRules = (
			);
			dependencies = (
			);
			name = BLTakeHome;
			productName = BLTakeHome;
			productReference = 6BCE5E822356ACAE0077636F /* BLTakeHome.app */;
			productType = "com.apple.product-type.application";
		};
/* End PBXNativeTarget section */

/* Begin PBXProject section */
		6BCE5E7A2356ACAE0077636F /* Project object */ = {
			isa = PBXProject;
			attributes = {
				LastSwiftUpdateCheck = 1100;
				LastUpgradeCheck = 1100;
				ORGANIZATIONNAME = "Betty Labs";
				TargetAttributes = {
					6BCE5E812356ACAE0077636F = {
						CreatedOnToolsVersion = 11.0;
					};
				};
			};
			buildConfigurationList = 6BCE5E7D2356ACAE0077636F /* Build configuration list for PBXProject "BLTakeHome" */;
			compatibilityVersion = "Xcode 9.3";
			developmentRegion = en;
			hasScannedForEncodings = 0;
			knownRegions = (
				en,
				Base,
			);
			mainGroup = 6BCE5E792356ACAE0077636F;
			productRefGroup = 6BCE5E832356ACAE0077636F /* Products */;
			projectDirPath = "";
			projectRoot = "";
			targets = (
				6BCE5E812356ACAE0077636F /* BLTakeHome */,
			);
		};
/* End PBXProject section */

/* Begin PBXResourcesBuildPhase section */
		6BCE5E802356ACAE0077636F /* Resources */ = {
			isa = PBXResourcesBuildPhase;
			buildActionMask = 2147483647;
			files = (
				6BCE5E922356ACB10077636F /* LaunchScreen.storyboard in Resources */,
				6BCE5E8F2356ACB10077636F /* Assets.xcassets in Resources */,
				6BCE5E8D2356ACAE0077636F /* Main.storyboard in Resources */,
			);
			runOnlyForDeploymentPostprocessing = 0;
		};
/* End PBXResourcesBuildPhase section */

/* Begin PBXShellScriptBuildPhase section */
		0EA21643FFCD673003A9D128 /* [CP] Check Pods Manifest.lock */ = {
			isa = PBXShellScriptBuildPhase;
			buildActionMask = 2147483647;
			files = (
			);
			inputFileListPaths = (
			);
			inputPaths = (
				"${PODS_PODFILE_DIR_PATH}/Podfile.lock",
				"${PODS_ROOT}/Manifest.lock",
			);
			name = "[CP] Check Pods Manifest.lock";
			outputFileListPaths = (
			);
			outputPaths = (
				"$(DERIVED_FILE_DIR)/Pods-BLTakeHome-checkManifestLockResult.txt",
			);
			runOnlyForDeploymentPostprocessing = 0;
			shellPath = /bin/sh;
			shellScript = "diff \"${PODS_PODFILE_DIR_PATH}/Podfile.lock\" \"${PODS_ROOT}/Manifest.lock\" > /dev/null\nif [ $? != 0 ] ; then\n    # print error to STDERR\n    echo \"error: The sandbox is not in sync with the Podfile.lock. Run 'pod install' or update your CocoaPods installation.\" >&2\n    exit 1\nfi\n# This output is used by Xcode 'outputs' to avoid re-running this script phase.\necho \"SUCCESS\" > \"${SCRIPT_OUTPUT_FILE_0}\"\n";
			showEnvVarsInLog = 0;
		};
		1459D4683E85032053096748 /* [CP] Embed Pods Frameworks */ = {
			isa = PBXShellScriptBuildPhase;
			buildActionMask = 2147483647;
			files = (
			);
			inputFileListPaths = (
				"${PODS_ROOT}/Target Support Files/Pods-BLTakeHome/Pods-BLTakeHome-frameworks-${CONFIGURATION}-input-files.xcfilelist",
			);
			name = "[CP] Embed Pods Frameworks";
			outputFileListPaths = (
				"${PODS_ROOT}/Target Support Files/Pods-BLTakeHome/Pods-BLTakeHome-frameworks-${CONFIGURATION}-output-files.xcfilelist",
			);
			runOnlyForDeploymentPostprocessing = 0;
			shellPath = /bin/sh;
			shellScript = "\"${PODS_ROOT}/Target Support Files/Pods-BLTakeHome/Pods-BLTakeHome-frameworks.sh\"\n";
			showEnvVarsInLog = 0;
		};
/* End PBXShellScriptBuildPhase section */

/* Begin PBXSourcesBuildPhase section */
		6BCE5E7E2356ACAE0077636F /* Sources */ = {
			isa = PBXSourcesBuildPhase;
			buildActionMask = 2147483647;
			files = (
				6BCE5E9B235796FB0077636F /* APIManager.swift in Sources */,
				6BCE5E8A2356ACAE0077636F /* ViewController.swift in Sources */,
				6BCE5E862356ACAE0077636F /* AppDelegate.swift in Sources */,
				6BCE5E882356ACAE0077636F /* SceneDelegate.swift in Sources */,
			);
			runOnlyForDeploymentPostprocessing = 0;
		};
/* End PBXSourcesBuildPhase section */

/* Begin PBXVariantGroup section */
		6BCE5E8B2356ACAE0077636F /* Main.storyboard */ = {
			isa = PBXVariantGroup;
			children = (
				6BCE5E8C2356ACAE0077636F /* Base */,
			);
			name = Main.storyboard;
			sourceTree = "<group>";
		};
		6BCE5E902356ACB10077636F /* LaunchScreen.storyboard */ = {
			isa = PBXVariantGroup;
			children = (
				6BCE5E912356ACB10077636F /* Base */,
			);
			name = LaunchScreen.storyboard;
			sourceTree = "<group>";
		};
/* End PBXVariantGroup section */

/* Begin XCBuildConfiguration section */
		6BCE5E942356ACB10077636F /* Debug */ = {
			isa = XCBuildConfiguration;
			buildSettings = {
				ALWAYS_SEARCH_USER_PATHS = NO;
				CLANG_ANALYZER_NONNULL = YES;
				CLANG_ANALYZER_NUMBER_OBJECT_CONVERSION = YES_AGGRESSIVE;
				CLANG_CXX_LANGUAGE_STANDARD = "gnu++14";
				CLANG_CXX_LIBRARY = "libc++";
				CLANG_ENABLE_MODULES = YES;
				CLANG_ENABLE_OBJC_ARC = YES;
				CLANG_ENABLE_OBJC_WEAK = YES;
				CLANG_WARN_BLOCK_CAPTURE_AUTORELEASING = YES;
				CLANG_WARN_BOOL_CONVERSION = YES;
				CLANG_WARN_COMMA = YES;
				CLANG_WARN_CONSTANT_CONVERSION = YES;
				CLANG_WARN_DEPRECATED_OBJC_IMPLEMENTATIONS = YES;
				CLANG_WARN_DIRECT_OBJC_ISA_USAGE = YES_ERROR;
				CLANG_WARN_DOCUMENTATION_COMMENTS = YES;
				CLANG_WARN_EMPTY_BODY = YES;
				CLANG_WARN_ENUM_CONVERSION = YES;
				CLANG_WARN_INFINITE_RECURSION = YES;
				CLANG_WARN_INT_CONVERSION = YES;
				CLANG_WARN_NON_LITERAL_NULL_CONVERSION = YES;
				CLANG_WARN_OBJC_IMPLICIT_RETAIN_SELF = YES;
				CLANG_WARN_OBJC_LITERAL_CONVERSION = YES;
				CLANG_WARN_OBJC_ROOT_CLASS = YES_ERROR;
				CLANG_WARN_RANGE_LOOP_ANALYSIS = YES;
				CLANG_WARN_STRICT_PROTOTYPES = YES;
				CLANG_WARN_SUSPICIOUS_MOVE = YES;
				CLANG_WARN_UNGUARDED_AVAILABILITY = YES_AGGRESSIVE;
				CLANG_WARN_UNREACHABLE_CODE = YES;
				CLANG_WARN__DUPLICATE_METHOD_MATCH = YES;
				COPY_PHASE_STRIP = NO;
				DEBUG_INFORMATION_FORMAT = dwarf;
				ENABLE_STRICT_OBJC_MSGSEND = YES;
				ENABLE_TESTABILITY = YES;
				GCC_C_LANGUAGE_STANDARD = gnu11;
				GCC_DYNAMIC_NO_PIC = NO;
				GCC_NO_COMMON_BLOCKS = YES;
				GCC_OPTIMIZATION_LEVEL = 0;
				GCC_PREPROCESSOR_DEFINITIONS = (
					"DEBUG=1",
					"$(inherited)",
				);
				GCC_WARN_64_TO_32_BIT_CONVERSION = YES;
				GCC_WARN_ABOUT_RETURN_TYPE = YES_ERROR;
				GCC_WARN_UNDECLARED_SELECTOR = YES;
				GCC_WARN_UNINITIALIZED_AUTOS = YES_AGGRESSIVE;
				GCC_WARN_UNUSED_FUNCTION = YES;
				GCC_WARN_UNUSED_VARIABLE = YES;
				IPHONEOS_DEPLOYMENT_TARGET = 13.0;
				MTL_ENABLE_DEBUG_INFO = INCLUDE_SOURCE;
				MTL_FAST_MATH = YES;
				ONLY_ACTIVE_ARCH = YES;
				SDKROOT = iphoneos;
				SWIFT_ACTIVE_COMPILATION_CONDITIONS = DEBUG;
				SWIFT_OPTIMIZATION_LEVEL = "-Onone";
			};
			name = Debug;
		};
		6BCE5E952356ACB10077636F /* Release */ = {
			isa = XCBuildConfiguration;
			buildSettings = {
				ALWAYS_SEARCH_USER_PATHS = NO;
				CLANG_ANALYZER_NONNULL = YES;
				CLANG_ANALYZER_NUMBER_OBJECT_CONVERSION = YES_AGGRESSIVE;
				CLANG_CXX_LANGUAGE_STANDARD = "gnu++14";
				CLANG_CXX_LIBRARY = "libc++";
				CLANG_ENABLE_MODULES = YES;
				CLANG_ENABLE_OBJC_ARC = YES;
				CLANG_ENABLE_OBJC_WEAK = YES;
				CLANG_WARN_BLOCK_CAPTURE_AUTORELEASING = YES;
				CLANG_WARN_BOOL_CONVERSION = YES;
				CLANG_WARN_COMMA = YES;
				CLANG_WARN_CONSTANT_CONVERSION = YES;
				CLANG_WARN_DEPRECATED_OBJC_IMPLEMENTATIONS = YES;
				CLANG_WARN_DIRECT_OBJC_ISA_USAGE = YES_ERROR;
				CLANG_WARN_DOCUMENTATION_COMMENTS = YES;
				CLANG_WARN_EMPTY_BODY = YES;
				CLANG_WARN_ENUM_CONVERSION = YES;
				CLANG_WARN_INFINITE_RECURSION = YES;
				CLANG_WARN_INT_CONVERSION = YES;
				CLANG_WARN_NON_LITERAL_NULL_CONVERSION = YES;
				CLANG_WARN_OBJC_IMPLICIT_RETAIN_SELF = YES;
				CLANG_WARN_OBJC_LITERAL_CONVERSION = YES;
				CLANG_WARN_OBJC_ROOT_CLASS = YES_ERROR;
				CLANG_WARN_RANGE_LOOP_ANALYSIS = YES;
				CLANG_WARN_STRICT_PROTOTYPES = YES;
				CLANG_WARN_SUSPICIOUS_MOVE = YES;
				CLANG_WARN_UNGUARDED_AVAILABILITY = YES_AGGRESSIVE;
				CLANG_WARN_UNREACHABLE_CODE = YES;
				CLANG_WARN__DUPLICATE_METHOD_MATCH = YES;
				COPY_PHASE_STRIP = NO;
				DEBUG_INFORMATION_FORMAT = "dwarf-with-dsym";
				ENABLE_NS_ASSERTIONS = NO;
				ENABLE_STRICT_OBJC_MSGSEND = YES;
				GCC_C_LANGUAGE_STANDARD = gnu11;
				GCC_NO_COMMON_BLOCKS = YES;
				GCC_WARN_64_TO_32_BIT_CONVERSION = YES;
				GCC_WARN_ABOUT_RETURN_TYPE = YES_ERROR;
				GCC_WARN_UNDECLARED_SELECTOR = YES;
				GCC_WARN_UNINITIALIZED_AUTOS = YES_AGGRESSIVE;
				GCC_WARN_UNUSED_FUNCTION = YES;
				GCC_WARN_UNUSED_VARIABLE = YES;
				IPHONEOS_DEPLOYMENT_TARGET = 13.0;
				MTL_ENABLE_DEBUG_INFO = NO;
				MTL_FAST_MATH = YES;
				SDKROOT = iphoneos;
				SWIFT_COMPILATION_MODE = wholemodule;
				SWIFT_OPTIMIZATION_LEVEL = "-O";
				VALIDATE_PRODUCT = YES;
			};
			name = Release;
		};
		6BCE5E972356ACB10077636F /* Debug */ = {
			isa = XCBuildConfiguration;
			baseConfigurationReference = 24ECD4219D624D24987B39BD /* Pods-BLTakeHome.debug.xcconfig */;
			buildSettings = {
				ASSETCATALOG_COMPILER_APPICON_NAME = AppIcon;
				CODE_SIGN_ENTITLEMENTS = BLTakeHome/BLTakeHome.entitlements;
				CODE_SIGN_STYLE = Automatic;
				DEVELOPMENT_TEAM = XFPHP5CWRG;
				INFOPLIST_FILE = BLTakeHome/Info.plist;
				LD_RUNPATH_SEARCH_PATHS = (
					"$(inherited)",
					"@executable_path/Frameworks",
				);
				PRODUCT_BUNDLE_IDENTIFIER = io.bettylabs.BLTakeHome;
				PRODUCT_NAME = "$(TARGET_NAME)";
				SWIFT_VERSION = 5.0;
				TARGETED_DEVICE_FAMILY = "1,2";
			};
			name = Debug;
		};
		6BCE5E982356ACB10077636F /* Release */ = {
			isa = XCBuildConfiguration;
			baseConfigurationReference = E4067B265F97F7395C9AE749 /* Pods-BLTakeHome.release.xcconfig */;
			buildSettings = {
				ASSETCATALOG_COMPILER_APPICON_NAME = AppIcon;
				CODE_SIGN_ENTITLEMENTS = BLTakeHome/BLTakeHome.entitlements;
				CODE_SIGN_STYLE = Automatic;
				DEVELOPMENT_TEAM = XFPHP5CWRG;
				INFOPLIST_FILE = BLTakeHome/Info.plist;
				LD_RUNPATH_SEARCH_PATHS = (
					"$(inherited)",
					"@executable_path/Frameworks",
				);
				PRODUCT_BUNDLE_IDENTIFIER = io.bettylabs.BLTakeHome;
				PRODUCT_NAME = "$(TARGET_NAME)";
				SWIFT_VERSION = 5.0;
				TARGETED_DEVICE_FAMILY = "1,2";
			};
			name = Release;
		};
/* End XCBuildConfiguration section */

/* Begin XCConfigurationList section */
		6BCE5E7D2356ACAE0077636F /* Build configuration list for PBXProject "BLTakeHome" */ = {
			isa = XCConfigurationList;
			buildConfigurations = (
				6BCE5E942356ACB10077636F /* Debug */,
				6BCE5E952356ACB10077636F /* Release */,
			);
			defaultConfigurationIsVisible = 0;
			defaultConfigurationName = Release;
		};
		6BCE5E962356ACB10077636F /* Build configuration list for PBXNativeTarget "BLTakeHome" */ = {
			isa = XCConfigurationList;
			buildConfigurations = (
				6BCE5E972356ACB10077636F /* Debug */,
				6BCE5E982356ACB10077636F /* Release */,
			);
			defaultConfigurationIsVisible = 0;
			defaultConfigurationName = Release;
		};
/* End XCConfigurationList section */
	};
	rootObject = 6BCE5E7A2356ACAE0077636F /* Project object */;
}
